
Microsoft Visual Studio Solution File, Format Version 12.00
# Visual Studio Version 16
VisualStudioVersion = 16.0.29509.3
MinimumVisualStudioVersion = 10.0.40219.1
Project("{8BC9CEB8-8B4A-11D0-8D11-00A0C91BC942}") = "Exercici3", "Exercici3.vcxproj", "{38B9EAB4-8A6C-4471-B233-4B184B2B8FF6}"
EndProject
Global
	GlobalSection(SolutionConfigurationPlatforms) = preSolution
		Debug|x64 = Debug|x64
		Debug|x86 = Debug|x86
		Release|x64 = Release|x64
		Release|x86 = Release|x86
	EndGlobalSection
	GlobalSection(ProjectConfigurationPlatforms) = postSolution
		{38B9EAB4-8A6C-4471-B233-4B184B2B8FF6}.Debug|x64.ActiveCfg = Debug|x64
		{38B9EAB4-8A6C-4471-B233-4B184B2B8FF6}.Debug|x64.Build.0 = Debug|x64
		{38B9EAB4-8A6C-4471-B233-4B184B2B8FF6}.Debug|x86.ActiveCfg = Debug|Win32
		{38B9EAB4-8A6C-4471-B233-4B184B2B8FF6}.Debug|x86.Build.0 = Debug|Win32
		{38B9EAB4-8A6C-4471-B233-4B184B2B8FF6}.Release|x64.ActiveCfg = Release|x64
		{38B9EAB4-8A6C-4471-B233-4B184B2B8FF6}.Release|x64.Build.0 = Release|x64
		{38B9EAB4-8A6C-4471-B233-4B184B2B8FF6}.Release|x86.ActiveCfg = Release|Win32
		{38B9EAB4-8A6C-4471-B233-4B184B2B8FF6}.Release|x86.Build.0 = Release|Win32
	EndGlobalSection
	GlobalSection(SolutionProperties) = preSolution
		HideSolutionNode = FALSE
	EndGlobalSection
	GlobalSection(ExtensibilityGlobals) = postSolution
		SolutionGuid = {F9401AF7-49F1-4218-B9A8-DBC4AE43E62D}
	EndGlobalSection
EndGlobal
